
Microsoft Visual Studio Solution File, Format Version 12.00
# Visual Studio Version 17
VisualStudioVersion = 17.1.32328.378
MinimumVisualStudioVersion = 15.0.26124.0
Project("{9A19103F-16F7-4668-BE54-9A1E7A4F7556}") = "Swiftrade.Core.Domain", "src\Swiftrade.Core.Domain\Swiftrade.Core.Domain.csproj", "{F8F721A2-0365-453D-92DB-EFA7263804C0}"
EndProject
Project("{9A19103F-16F7-4668-BE54-9A1E7A4F7556}") = "Swiftrade.Infrastructure", "src\Swiftrade.Infrastructure\Swiftrade.Infrastructure.csproj", "{728EE2F4-35F9-41C4-A2F6-3C08C6FF14C2}"
EndProject
Project("{2150E333-8FDC-42A3-9474-1A3956D46DE8}") = "Source", "Source", "{F14A5EF6-D804-44AB-AEAD-343BCC3FB842}"
EndProject
Project("{9A19103F-16F7-4668-BE54-9A1E7A4F7556}") = "Swiftrade.Web.Presentation.Web", "src\Swiftrade.Web.Presentation.Web\Swiftrade.Web.Presentation.Web.csproj", "{CD2D61B7-A727-4687-B56F-E63DFEE24193}"
EndProject
Project("{9A19103F-16F7-4668-BE54-9A1E7A4F7556}") = "Swiftrade.Core.Application", "src\Swiftrade.Core.Application\Swiftrade.Core.Application.csproj", "{9E61A1D5-42D3-474A-ADF6-CEBC9E69BE51}"
EndProject
Project("{2150E333-8FDC-42A3-9474-1A3956D46DE8}") = "Core", "Core", "{3C1B2C4D-0C51-4681-88AB-60D2FBE323FE}"
EndProject
Project("{2150E333-8FDC-42A3-9474-1A3956D46DE8}") = "Presentation", "Presentation", "{223D3DB3-5A24-44E9-B18F-8BABD862385B}"
EndProject
Project("{2150E333-8FDC-42A3-9474-1A3956D46DE8}") = "Infrastructure", "Infrastructure", "{E67813D8-48DC-4F6E-8DFC-05403F3ED444}"
EndProject
Project("{9A19103F-16F7-4668-BE54-9A1E7A4F7556}") = "Swiftrade.Common", "src\Swiftrade.Common\Swiftrade.Common.csproj", "{02F8DB7F-B31C-48A0-B2BE-C9E412957D9C}"
EndProject
Project("{9A19103F-16F7-4668-BE54-9A1E7A4F7556}") = "Swiftrade.Http", "src\Swiftrade.Http\Swiftrade.Http.csproj", "{8BF7AC90-2244-4069-8098-E45C2A8C2CF3}"
EndProject
Project("{9A19103F-16F7-4668-BE54-9A1E7A4F7556}") = "Swiftrade.SignalR", "src\Swiftrade.SignalR\Swiftrade.SignalR.csproj", "{1048893F-FD8D-4A2E-9F39-4D1E7FD96D1C}"
EndProject
Project("{9A19103F-16F7-4668-BE54-9A1E7A4F7556}") = "Swiftrade.Infrastructure.Resources", "src\Swiftrade.Infrastructure.Resources\Swiftrade.Infrastructure.Resources.csproj", "{7DE92858-15F3-411D-B7E8-0A44014A36ED}"
EndProject
Project("{2150E333-8FDC-42A3-9474-1A3956D46DE8}") = "Solution Items", "Solution Items", "{B3A17DC6-DEC5-4241-A4FF-27C4B362B9F4}"
EndProject
Project("{2150E333-8FDC-42A3-9474-1A3956D46DE8}") = "Tests", "Tests", "{2C82B1FF-7A4A-4AD6-B3CC-620A4D3BE2D3}"
EndProject
Global
	GlobalSection(SolutionConfigurationPlatforms) = preSolution
		Debug|Any CPU = Debug|Any CPU
		Debug|x64 = Debug|x64
		Debug|x86 = Debug|x86
		Release|Any CPU = Release|Any CPU
		Release|x64 = Release|x64
		Release|x86 = Release|x86
	EndGlobalSection
	GlobalSection(ProjectConfigurationPlatforms) = postSolution
		{F8F721A2-0365-453D-92DB-EFA7263804C0}.Debug|Any CPU.ActiveCfg = Debug|Any CPU
		{F8F721A2-0365-453D-92DB-EFA7263804C0}.Debug|Any CPU.Build.0 = Debug|Any CPU
		{F8F721A2-0365-453D-92DB-EFA7263804C0}.Debug|x64.ActiveCfg = Debug|Any CPU
		{F8F721A2-0365-453D-92DB-EFA7263804C0}.Debug|x64.Build.0 = Debug|Any CPU
		{F8F721A2-0365-453D-92DB-EFA7263804C0}.Debug|x86.ActiveCfg = Debug|Any CPU
		{F8F721A2-0365-453D-92DB-EFA7263804C0}.Debug|x86.Build.0 = Debug|Any CPU
		{F8F721A2-0365-453D-92DB-EFA7263804C0}.Release|Any CPU.ActiveCfg = Release|Any CPU
		{F8F721A2-0365-453D-92DB-EFA7263804C0}.Release|Any CPU.Build.0 = Release|Any CPU
		{F8F721A2-0365-453D-92DB-EFA7263804C0}.Release|x64.ActiveCfg = Release|Any CPU
		{F8F721A2-0365-453D-92DB-EFA7263804C0}.Release|x64.Build.0 = Release|Any CPU
		{F8F721A2-0365-453D-92DB-EFA7263804C0}.Release|x86.ActiveCfg = Release|Any CPU
		{F8F721A2-0365-453D-92DB-EFA7263804C0}.Release|x86.Build.0 = Release|Any CPU
		{728EE2F4-35F9-41C4-A2F6-3C08C6FF14C2}.Debug|Any CPU.ActiveCfg = Debug|Any CPU
		{728EE2F4-35F9-41C4-A2F6-3C08C6FF14C2}.Debug|Any CPU.Build.0 = Debug|Any CPU
		{728EE2F4-35F9-41C4-A2F6-3C08C6FF14C2}.Debug|x64.ActiveCfg = Debug|Any CPU
		{728EE2F4-35F9-41C4-A2F6-3C08C6FF14C2}.Debug|x64.Build.0 = Debug|Any CPU
		{728EE2F4-35F9-41C4-A2F6-3C08C6FF14C2}.Debug|x86.ActiveCfg = Debug|Any CPU
		{728EE2F4-35F9-41C4-A2F6-3C08C6FF14C2}.Debug|x86.Build.0 = Debug|Any CPU
		{728EE2F4-35F9-41C4-A2F6-3C08C6FF14C2}.Release|Any CPU.ActiveCfg = Release|Any CPU
		{728EE2F4-35F9-41C4-A2F6-3C08C6FF14C2}.Release|Any CPU.Build.0 = Release|Any CPU
		{728EE2F4-35F9-41C4-A2F6-3C08C6FF14C2}.Release|x64.ActiveCfg = Release|Any CPU
		{728EE2F4-35F9-41C4-A2F6-3C08C6FF14C2}.Release|x64.Build.0 = Release|Any CPU
		{728EE2F4-35F9-41C4-A2F6-3C08C6FF14C2}.Release|x86.ActiveCfg = Release|Any CPU
		{728EE2F4-35F9-41C4-A2F6-3C08C6FF14C2}.Release|x86.Build.0 = Release|Any CPU
		{CD2D61B7-A727-4687-B56F-E63DFEE24193}.Debug|Any CPU.ActiveCfg = Debug|Any CPU
		{CD2D61B7-A727-4687-B56F-E63DFEE24193}.Debug|Any CPU.Build.0 = Debug|Any CPU
		{CD2D61B7-A727-4687-B56F-E63DFEE24193}.Debug|x64.ActiveCfg = Debug|Any CPU
		{CD2D61B7-A727-4687-B56F-E63DFEE24193}.Debug|x64.Build.0 = Debug|Any CPU
		{CD2D61B7-A727-4687-B56F-E63DFEE24193}.Debug|x86.ActiveCfg = Debug|Any CPU
		{CD2D61B7-A727-4687-B56F-E63DFEE24193}.Debug|x86.Build.0 = Debug|Any CPU
		{CD2D61B7-A727-4687-B56F-E63DFEE24193}.Release|Any CPU.ActiveCfg = Release|Any CPU
		{CD2D61B7-A727-4687-B56F-E63DFEE24193}.Release|Any CPU.Build.0 = Release|Any CPU
		{CD2D61B7-A727-4687-B56F-E63DFEE24193}.Release|x64.ActiveCfg = Release|Any CPU
		{CD2D61B7-A727-4687-B56F-E63DFEE24193}.Release|x64.Build.0 = Release|Any CPU
		{CD2D61B7-A727-4687-B56F-E63DFEE24193}.Release|x86.ActiveCfg = Release|Any CPU
		{CD2D61B7-A727-4687-B56F-E63DFEE24193}.Release|x86.Build.0 = Release|Any CPU
		{9E61A1D5-42D3-474A-ADF6-CEBC9E69BE51}.Debug|Any CPU.ActiveCfg = Debug|Any CPU
		{9E61A1D5-42D3-474A-ADF6-CEBC9E69BE51}.Debug|Any CPU.Build.0 = Debug|Any CPU
		{9E61A1D5-42D3-474A-ADF6-CEBC9E69BE51}.Debug|x64.ActiveCfg = Debug|Any CPU
		{9E61A1D5-42D3-474A-ADF6-CEBC9E69BE51}.Debug|x64.Build.0 = Debug|Any CPU
		{9E61A1D5-42D3-474A-ADF6-CEBC9E69BE51}.Debug|x86.ActiveCfg = Debug|Any CPU
		{9E61A1D5-42D3-474A-ADF6-CEBC9E69BE51}.Debug|x86.Build.0 = Debug|Any CPU
		{9E61A1D5-42D3-474A-ADF6-CEBC9E69BE51}.Release|Any CPU.ActiveCfg = Release|Any CPU
		{9E61A1D5-42D3-474A-ADF6-CEBC9E69BE51}.Release|Any CPU.Build.0 = Release|Any CPU
		{9E61A1D5-42D3-474A-ADF6-CEBC9E69BE51}.Release|x64.ActiveCfg = Release|Any CPU
		{9E61A1D5-42D3-474A-ADF6-CEBC9E69BE51}.Release|x64.Build.0 = Release|Any CPU
		{9E61A1D5-42D3-474A-ADF6-CEBC9E69BE51}.Release|x86.ActiveCfg = Release|Any CPU
		{9E61A1D5-42D3-474A-ADF6-CEBC9E69BE51}.Release|x86.Build.0 = Release|Any CPU
		{02F8DB7F-B31C-48A0-B2BE-C9E412957D9C}.Debug|Any CPU.ActiveCfg = Debug|Any CPU
		{02F8DB7F-B31C-48A0-B2BE-C9E412957D9C}.Debug|Any CPU.Build.0 = Debug|Any CPU
		{02F8DB7F-B31C-48A0-B2BE-C9E412957D9C}.Debug|x64.ActiveCfg = Debug|Any CPU
		{02F8DB7F-B31C-48A0-B2BE-C9E412957D9C}.Debug|x64.Build.0 = Debug|Any CPU
		{02F8DB7F-B31C-48A0-B2BE-C9E412957D9C}.Debug|x86.ActiveCfg = Debug|Any CPU
		{02F8DB7F-B31C-48A0-B2BE-C9E412957D9C}.Debug|x86.Build.0 = Debug|Any CPU
		{02F8DB7F-B31C-48A0-B2BE-C9E412957D9C}.Release|Any CPU.ActiveCfg = Release|Any CPU
		{02F8DB7F-B31C-48A0-B2BE-C9E412957D9C}.Release|Any CPU.Build.0 = Release|Any CPU
		{02F8DB7F-B31C-48A0-B2BE-C9E412957D9C}.Release|x64.ActiveCfg = Release|Any CPU
		{02F8DB7F-B31C-48A0-B2BE-C9E412957D9C}.Release|x64.Build.0 = Release|Any CPU
		{02F8DB7F-B31C-48A0-B2BE-C9E412957D9C}.Release|x86.ActiveCfg = Release|Any CPU
		{02F8DB7F-B31C-48A0-B2BE-C9E412957D9C}.Release|x86.Build.0 = Release|Any CPU
		{8BF7AC90-2244-4069-8098-E45C2A8C2CF3}.Debug|Any CPU.ActiveCfg = Debug|Any CPU
		{8BF7AC90-2244-4069-8098-E45C2A8C2CF3}.Debug|Any CPU.Build.0 = Debug|Any CPU
		{8BF7AC90-2244-4069-8098-E45C2A8C2CF3}.Debug|x64.ActiveCfg = Debug|Any CPU
		{8BF7AC90-2244-4069-8098-E45C2A8C2CF3}.Debug|x64.Build.0 = Debug|Any CPU
		{8BF7AC90-2244-4069-8098-E45C2A8C2CF3}.Debug|x86.ActiveCfg = Debug|Any CPU
		{8BF7AC90-2244-4069-8098-E45C2A8C2CF3}.Debug|x86.Build.0 = Debug|Any CPU
		{8BF7AC90-2244-4069-8098-E45C2A8C2CF3}.Release|Any CPU.ActiveCfg = Release|Any CPU
		{8BF7AC90-2244-4069-8098-E45C2A8C2CF3}.Release|Any CPU.Build.0 = Release|Any CPU
		{8BF7AC90-2244-4069-8098-E45C2A8C2CF3}.Release|x64.ActiveCfg = Release|Any CPU
		{8BF7AC90-2244-4069-8098-E45C2A8C2CF3}.Release|x64.Build.0 = Release|Any CPU
		{8BF7AC90-2244-4069-8098-E45C2A8C2CF3}.Release|x86.ActiveCfg = Release|Any CPU
		{8BF7AC90-2244-4069-8098-E45C2A8C2CF3}.Release|x86.Build.0 = Release|Any CPU
		{1048893F-FD8D-4A2E-9F39-4D1E7FD96D1C}.Debug|Any CPU.ActiveCfg = Debug|Any CPU
		{1048893F-FD8D-4A2E-9F39-4D1E7FD96D1C}.Debug|Any CPU.Build.0 = Debug|Any CPU
		{1048893F-FD8D-4A2E-9F39-4D1E7FD96D1C}.Debug|x64.ActiveCfg = Debug|Any CPU
		{1048893F-FD8D-4A2E-9F39-4D1E7FD96D1C}.Debug|x64.Build.0 = Debug|Any CPU
		{1048893F-FD8D-4A2E-9F39-4D1E7FD96D1C}.Debug|x86.ActiveCfg = Debug|Any CPU
		{1048893F-FD8D-4A2E-9F39-4D1E7FD96D1C}.Debug|x86.Build.0 = Debug|Any CPU
		{1048893F-FD8D-4A2E-9F39-4D1E7FD96D1C}.Release|Any CPU.ActiveCfg = Release|Any CPU
		{1048893F-FD8D-4A2E-9F39-4D1E7FD96D1C}.Release|Any CPU.Build.0 = Release|Any CPU
		{1048893F-FD8D-4A2E-9F39-4D1E7FD96D1C}.Release|x64.ActiveCfg = Release|Any CPU
		{1048893F-FD8D-4A2E-9F39-4D1E7FD96D1C}.Release|x64.Build.0 = Release|Any CPU
		{1048893F-FD8D-4A2E-9F39-4D1E7FD96D1C}.Release|x86.ActiveCfg = Release|Any CPU
		{1048893F-FD8D-4A2E-9F39-4D1E7FD96D1C}.Release|x86.Build.0 = Release|Any CPU
		{7DE92858-15F3-411D-B7E8-0A44014A36ED}.Debug|Any CPU.ActiveCfg = Debug|Any CPU
		{7DE92858-15F3-411D-B7E8-0A44014A36ED}.Debug|Any CPU.Build.0 = Debug|Any CPU
		{7DE92858-15F3-411D-B7E8-0A44014A36ED}.Debug|x64.ActiveCfg = Debug|Any CPU
		{7DE92858-15F3-411D-B7E8-0A44014A36ED}.Debug|x64.Build.0 = Debug|Any CPU
		{7DE92858-15F3-411D-B7E8-0A44014A36ED}.Debug|x86.ActiveCfg = Debug|Any CPU
		{7DE92858-15F3-411D-B7E8-0A44014A36ED}.Debug|x86.Build.0 = Debug|Any CPU
		{7DE92858-15F3-411D-B7E8-0A44014A36ED}.Release|Any CPU.ActiveCfg = Release|Any CPU
		{7DE92858-15F3-411D-B7E8-0A44014A36ED}.Release|Any CPU.Build.0 = Release|Any CPU
		{7DE92858-15F3-411D-B7E8-0A44014A36ED}.Release|x64.ActiveCfg = Release|Any CPU
		{7DE92858-15F3-411D-B7E8-0A44014A36ED}.Release|x64.Build.0 = Release|Any CPU
		{7DE92858-15F3-411D-B7E8-0A44014A36ED}.Release|x86.ActiveCfg = Release|Any CPU
		{7DE92858-15F3-411D-B7E8-0A44014A36ED}.Release|x86.Build.0 = Release|Any CPU
	EndGlobalSection
	GlobalSection(SolutionProperties) = preSolution
		HideSolutionNode = FALSE
	EndGlobalSection
	GlobalSection(NestedProjects) = preSolution
		{F8F721A2-0365-453D-92DB-EFA7263804C0} = {3C1B2C4D-0C51-4681-88AB-60D2FBE323FE}
		{728EE2F4-35F9-41C4-A2F6-3C08C6FF14C2} = {E67813D8-48DC-4F6E-8DFC-05403F3ED444}
		{CD2D61B7-A727-4687-B56F-E63DFEE24193} = {223D3DB3-5A24-44E9-B18F-8BABD862385B}
		{9E61A1D5-42D3-474A-ADF6-CEBC9E69BE51} = {3C1B2C4D-0C51-4681-88AB-60D2FBE323FE}
		{3C1B2C4D-0C51-4681-88AB-60D2FBE323FE} = {F14A5EF6-D804-44AB-AEAD-343BCC3FB842}
		{223D3DB3-5A24-44E9-B18F-8BABD862385B} = {F14A5EF6-D804-44AB-AEAD-343BCC3FB842}
		{E67813D8-48DC-4F6E-8DFC-05403F3ED444} = {F14A5EF6-D804-44AB-AEAD-343BCC3FB842}
		{02F8DB7F-B31C-48A0-B2BE-C9E412957D9C} = {F14A5EF6-D804-44AB-AEAD-343BCC3FB842}
		{8BF7AC90-2244-4069-8098-E45C2A8C2CF3} = {F14A5EF6-D804-44AB-AEAD-343BCC3FB842}
		{1048893F-FD8D-4A2E-9F39-4D1E7FD96D1C} = {F14A5EF6-D804-44AB-AEAD-343BCC3FB842}
		{7DE92858-15F3-411D-B7E8-0A44014A36ED} = {E67813D8-48DC-4F6E-8DFC-05403F3ED444}
	EndGlobalSection
	GlobalSection(ExtensibilityGlobals) = postSolution
		SolutionGuid = {BBB9CB25-4531-479E-A35D-BAA569B906C1}
	EndGlobalSection
EndGlobal
